
Microsoft Visual Studio Solution File, Format Version 12.00
# Visual Studio 2012
Project("{FAE04EC0-301F-11D3-BF4B-00C04F79EFBC}") = "Sirena", "Sirena\Sirena.csproj", "{F65FD165-4A19-4679-AB4B-8E9742C27A1E}"
EndProject
Project("{FAE04EC0-301F-11D3-BF4B-00C04F79EFBC}") = "Sirena.Tests", "Sirena.Tests\Sirena.Tests.csproj", "{DDC91B3A-5A19-432C-A991-E0BCE2049BBC}"
EndProject
Global
	GlobalSection(SolutionConfigurationPlatforms) = preSolution
		Debug|Any CPU = Debug|Any CPU
		Release|Any CPU = Release|Any CPU
	EndGlobalSection
	GlobalSection(ProjectConfigurationPlatforms) = postSolution
		{F65FD165-4A19-4679-AB4B-8E9742C27A1E}.Debug|Any CPU.ActiveCfg = Debug|Any CPU
		{F65FD165-4A19-4679-AB4B-8E9742C27A1E}.Debug|Any CPU.Build.0 = Debug|Any CPU
		{F65FD165-4A19-4679-AB4B-8E9742C27A1E}.Release|Any CPU.ActiveCfg = Release|Any CPU
		{F65FD165-4A19-4679-AB4B-8E9742C27A1E}.Release|Any CPU.Build.0 = Release|Any CPU
		{DDC91B3A-5A19-432C-A991-E0BCE2049BBC}.Debug|Any CPU.ActiveCfg = Debug|Any CPU
		{DDC91B3A-5A19-432C-A991-E0BCE2049BBC}.Debug|Any CPU.Build.0 = Debug|Any CPU
		{DDC91B3A-5A19-432C-A991-E0BCE2049BBC}.Release|Any CPU.ActiveCfg = Release|Any CPU
		{DDC91B3A-5A19-432C-A991-E0BCE2049BBC}.Release|Any CPU.Build.0 = Release|Any CPU
	EndGlobalSection
	GlobalSection(SolutionProperties) = preSolution
		HideSolutionNode = FALSE
	EndGlobalSection
EndGlobal
